// !$*UTF8*$!
{
	archiveVersion = 1;
	classes = {
	};
	objectVersion = 50;
	objects = {

/* Begin PBXBuildFile section */
		3A87DE9EE1638DEBBF8D0B47 /* Pods_NativeKit.framework in Frameworks */ = {isa = PBXBuildFile; fileRef = 4D470AC6CFBBC8074FFD2A6D /* Pods_NativeKit.framework */; };
		CFB2E3AF227D28CA00958793 /* AppDelegate.swift in Sources */ = {isa = PBXBuildFile; fileRef = CFB2E3AE227D28CA00958793 /* AppDelegate.swift */; };
		CFB2E3B6227D28CB00958793 /* Assets.xcassets in Resources */ = {isa = PBXBuildFile; fileRef = CFB2E3B5227D28CB00958793 /* Assets.xcassets */; };
		CFB2E3B9227D28CB00958793 /* LaunchScreen.storyboard in Resources */ = {isa = PBXBuildFile; fileRef = CFB2E3B7227D28CB00958793 /* LaunchScreen.storyboard */; };
		CFB2E3C1227D2A2200958793 /* TabBarController.swift in Sources */ = {isa = PBXBuildFile; fileRef = CFB2E3C0227D2A2200958793 /* TabBarController.swift */; };
		CFB2E3C3227D2C0500958793 /* ListViewController.swift in Sources */ = {isa = PBXBuildFile; fileRef = CFB2E3C2227D2C0500958793 /* ListViewController.swift */; };
		CFB2E3C5227D2C1900958793 /* OptionsViewController.swift in Sources */ = {isa = PBXBuildFile; fileRef = CFB2E3C4227D2C1900958793 /* OptionsViewController.swift */; };
		CFB2E3C7227D378700958793 /* Course.swift in Sources */ = {isa = PBXBuildFile; fileRef = CFB2E3C6227D378700958793 /* Course.swift */; };
/* End PBXBuildFile section */

/* Begin PBXFileReference section */
		140D44C2AC8F00793BF8A3C5 /* Pods-NativeKit.release.xcconfig */ = {isa = PBXFileReference; includeInIndex = 1; lastKnownFileType = text.xcconfig; name = "Pods-NativeKit.release.xcconfig"; path = "Target Support Files/Pods-NativeKit/Pods-NativeKit.release.xcconfig"; sourceTree = "<group>"; };
		1A2E56EB82D1C07A6C9C2C92 /* Pods-NativeKit.debug.xcconfig */ = {isa = PBXFileReference; includeInIndex = 1; lastKnownFileType = text.xcconfig; name = "Pods-NativeKit.debug.xcconfig"; path = "Target Support Files/Pods-NativeKit/Pods-NativeKit.debug.xcconfig"; sourceTree = "<group>"; };
		4D470AC6CFBBC8074FFD2A6D /* Pods_NativeKit.framework */ = {isa = PBXFileReference; explicitFileType = wrapper.framework; includeInIndex = 0; path = Pods_NativeKit.framework; sourceTree = BUILT_PRODUCTS_DIR; };
		CFB2E3AB227D28CA00958793 /* NativeKit.app */ = {isa = PBXFileReference; explicitFileType = wrapper.application; includeInIndex = 0; path = NativeKit.app; sourceTree = BUILT_PRODUCTS_DIR; };
		CFB2E3AE227D28CA00958793 /* AppDelegate.swift */ = {isa = PBXFileReference; lastKnownFileType = sourcecode.swift; path = AppDelegate.swift; sourceTree = "<group>"; };
		CFB2E3B5227D28CB00958793 /* Assets.xcassets */ = {isa = PBXFileReference; lastKnownFileType = folder.assetcatalog; path = Assets.xcassets; sourceTree = "<group>"; };
		CFB2E3B8227D28CB00958793 /* Base */ = {isa = PBXFileReference; lastKnownFileType = file.storyboard; name = Base; path = Base.lproj/LaunchScreen.storyboard; sourceTree = "<group>"; };
		CFB2E3BA227D28CB00958793 /* Info.plist */ = {isa = PBXFileReference; lastKnownFileType = text.plist.xml; path = Info.plist; sourceTree = "<group>"; };
		CFB2E3C0227D2A2200958793 /* TabBarController.swift */ = {isa = PBXFileReference; lastKnownFileType = sourcecode.swift; path = TabBarController.swift; sourceTree = "<group>"; };
		CFB2E3C2227D2C0500958793 /* ListViewController.swift */ = {isa = PBXFileReference; lastKnownFileType = sourcecode.swift; path = ListViewController.swift; sourceTree = "<group>"; };
		CFB2E3C4227D2C1900958793 /* OptionsViewController.swift */ = {isa = PBXFileReference; lastKnownFileType = sourcecode.swift; path = OptionsViewController.swift; sourceTree = "<group>"; };
		CFB2E3C6227D378700958793 /* Course.swift */ = {isa = PBXFileReference; lastKnownFileType = sourcecode.swift; path = Course.swift; sourceTree = "<group>"; };
/* End PBXFileReference section */

/* Begin PBXFrameworksBuildPhase section */
		CFB2E3A8227D28CA00958793 /* Frameworks */ = {
			isa = PBXFrameworksBuildPhase;
			buildActionMask = 2147483647;
			files = (
				3A87DE9EE1638DEBBF8D0B47 /* Pods_NativeKit.framework in Frameworks */,
			);
			runOnlyForDeploymentPostprocessing = 0;
		};
/* End PBXFrameworksBuildPhase section */

/* Begin PBXGroup section */
		4F8128A7AD972A9B5D06B24A /* Frameworks */ = {
			isa = PBXGroup;
			children = (
				4D470AC6CFBBC8074FFD2A6D /* Pods_NativeKit.framework */,
			);
			name = Frameworks;
			sourceTree = "<group>";
		};
		52056F9E4F1A045526316221 /* Pods */ = {
			isa = PBXGroup;
			children = (
				1A2E56EB82D1C07A6C9C2C92 /* Pods-NativeKit.debug.xcconfig */,
				140D44C2AC8F00793BF8A3C5 /* Pods-NativeKit.release.xcconfig */,
			);
			path = Pods;
			sourceTree = "<group>";
		};
		CFB2E3A2227D28CA00958793 = {
			isa = PBXGroup;
			children = (
				CFB2E3AD227D28CA00958793 /* NativeKit */,
				CFB2E3AC227D28CA00958793 /* Products */,
				52056F9E4F1A045526316221 /* Pods */,
				4F8128A7AD972A9B5D06B24A /* Frameworks */,
			);
			sourceTree = "<group>";
		};
		CFB2E3AC227D28CA00958793 /* Products */ = {
			isa = PBXGroup;
			children = (
				CFB2E3AB227D28CA00958793 /* NativeKit.app */,
			);
			name = Products;
			sourceTree = "<group>";
		};
		CFB2E3AD227D28CA00958793 /* NativeKit */ = {
			isa = PBXGroup;
			children = (
				CFB2E3AE227D28CA00958793 /* AppDelegate.swift */,
				CFB2E3B5227D28CB00958793 /* Assets.xcassets */,
				CFB2E3B7227D28CB00958793 /* LaunchScreen.storyboard */,
				CFB2E3BA227D28CB00958793 /* Info.plist */,
				CFB2E3C0227D2A2200958793 /* TabBarController.swift */,
				CFB2E3C2227D2C0500958793 /* ListViewController.swift */,
				CFB2E3C4227D2C1900958793 /* OptionsViewController.swift */,
				CFB2E3C6227D378700958793 /* Course.swift */,
			);
			path = NativeKit;
			sourceTree = "<group>";
		};
/* End PBXGroup section */

/* Begin PBXNativeTarget section */
		CFB2E3AA227D28CA00958793 /* NativeKit */ = {
			isa = PBXNativeTarget;
			buildConfigurationList = CFB2E3BD227D28CB00958793 /* Build configuration list for PBXNativeTarget "NativeKit" */;
			buildPhases = (
				700B45B112C6CC00D957E35A /* [CP] Check Pods Manifest.lock */,
				CFB2E3A7227D28CA00958793 /* Sources */,
				CFB2E3A8227D28CA00958793 /* Frameworks */,
				CFB2E3A9227D28CA00958793 /* Resources */,
				8608FC26BFB82263DE10697F /* [CP] Embed Pods Frameworks */,
			);
			buildRules = (
			);
			dependencies = (
			);
			name = NativeKit;
			productName = NativeKit;
			productReference = CFB2E3AB227D28CA00958793 /* NativeKit.app */;
			productType = "com.apple.product-type.application";
		};
/* End PBXNativeTarget section */

/* Begin PBXProject section */
		CFB2E3A3227D28CA00958793 /* Project object */ = {
			isa = PBXProject;
			attributes = {
				LastSwiftUpdateCheck = 1020;
				LastUpgradeCheck = 1020;
				ORGANIZATIONNAME = "Zhilei Zheng";
				TargetAttributes = {
					CFB2E3AA227D28CA00958793 = {
						CreatedOnToolsVersion = 10.2.1;
					};
				};
			};
			buildConfigurationList = CFB2E3A6227D28CA00958793 /* Build configuration list for PBXProject "NativeKit" */;
			compatibilityVersion = "Xcode 9.3";
			developmentRegion = en;
			hasScannedForEncodings = 0;
			knownRegions = (
				en,
				Base,
			);
			mainGroup = CFB2E3A2227D28CA00958793;
			productRefGroup = CFB2E3AC227D28CA00958793 /* Products */;
			projectDirPath = "";
			projectRoot = "";
			targets = (
				CFB2E3AA227D28CA00958793 /* NativeKit */,
			);
		};
/* End PBXProject section */

/* Begin PBXResourcesBuildPhase section */
		CFB2E3A9227D28CA00958793 /* Resources */ = {
			isa = PBXResourcesBuildPhase;
			buildActionMask = 2147483647;
			files = (
				CFB2E3B9227D28CB00958793 /* LaunchScreen.storyboard in Resources */,
				CFB2E3B6227D28CB00958793 /* Assets.xcassets in Resources */,
			);
			runOnlyForDeploymentPostprocessing = 0;
		};
/* End PBXResourcesBuildPhase section */

/* Begin PBXShellScriptBuildPhase section */
		700B45B112C6CC00D957E35A /* [CP] Check Pods Manifest.lock */ = {
			isa = PBXShellScriptBuildPhase;
			buildActionMask = 2147483647;
			files = (
			);
			inputFileListPaths = (
			);
			inputPaths = (
				"${PODS_PODFILE_DIR_PATH}/Podfile.lock",
				"${PODS_ROOT}/Manifest.lock",
			);
			name = "[CP] Check Pods Manifest.lock";
			outputFileListPaths = (
			);
			outputPaths = (
				"$(DERIVED_FILE_DIR)/Pods-NativeKit-checkManifestLockResult.txt",
			);
			runOnlyForDeploymentPostprocessing = 0;
			shellPath = /bin/sh;
			shellScript = "diff \"${PODS_PODFILE_DIR_PATH}/Podfile.lock\" \"${PODS_ROOT}/Manifest.lock\" > /dev/null\nif [ $? != 0 ] ; then\n    # print error to STDERR\n    echo \"error: The sandbox is not in sync with the Podfile.lock. Run 'pod install' or update your CocoaPods installation.\" >&2\n    exit 1\nfi\n# This output is used by Xcode 'outputs' to avoid re-running this script phase.\necho \"SUCCESS\" > \"${SCRIPT_OUTPUT_FILE_0}\"\n";
			showEnvVarsInLog = 0;
		};
		8608FC26BFB82263DE10697F /* [CP] Embed Pods Frameworks */ = {
			isa = PBXShellScriptBuildPhase;
			buildActionMask = 2147483647;
			files = (
			);
			inputFileListPaths = (
			);
			inputPaths = (
				"${PODS_ROOT}/Target Support Files/Pods-NativeKit/Pods-NativeKit-frameworks.sh",
				"${BUILT_PRODUCTS_DIR}/SnapKit/SnapKit.framework",
			);
			name = "[CP] Embed Pods Frameworks";
			outputFileListPaths = (
			);
			outputPaths = (
				"${TARGET_BUILD_DIR}/${FRAMEWORKS_FOLDER_PATH}/SnapKit.framework",
			);
			runOnlyForDeploymentPostprocessing = 0;
			shellPath = /bin/sh;
			shellScript = "\"${PODS_ROOT}/Target Support Files/Pods-NativeKit/Pods-NativeKit-frameworks.sh\"\n";
			showEnvVarsInLog = 0;
		};
/* End PBXShellScriptBuildPhase section */

/* Begin PBXSourcesBuildPhase section */
		CFB2E3A7227D28CA00958793 /* Sources */ = {
			isa = PBXSourcesBuildPhase;
			buildActionMask = 2147483647;
			files = (
				CFB2E3C1227D2A2200958793 /* TabBarController.swift in Sources */,
				CFB2E3C3227D2C0500958793 /* ListViewController.swift in Sources */,
				CFB2E3C7227D378700958793 /* Course.swift in Sources */,
				CFB2E3AF227D28CA00958793 /* AppDelegate.swift in Sources */,
				CFB2E3C5227D2C1900958793 /* OptionsViewController.swift in Sources */,
			);
			runOnlyForDeploymentPostprocessing = 0;
		};
/* End PBXSourcesBuildPhase section */

/* Begin PBXVariantGroup section */
		CFB2E3B7227D28CB00958793 /* LaunchScreen.storyboard */ = {
			isa = PBXVariantGroup;
			children = (
				CFB2E3B8227D28CB00958793 /* Base */,
			);
			name = LaunchScreen.storyboard;
			sourceTree = "<group>";
		};
/* End PBXVariantGroup section */

/* Begin XCBuildConfiguration section */
		CFB2E3BB227D28CB00958793 /* Debug */ = {
			isa = XCBuildConfiguration;
			buildSettings = {
				ALWAYS_SEARCH_USER_PATHS = NO;
				CLANG_ANALYZER_NONNULL = YES;
				CLANG_ANALYZER_NUMBER_OBJECT_CONVERSION = YES_AGGRESSIVE;
				CLANG_CXX_LANGUAGE_STANDARD = "gnu++14";
				CLANG_CXX_LIBRARY = "libc++";
				CLANG_ENABLE_MODULES = YES;
				CLANG_ENABLE_OBJC_ARC = YES;
				CLANG_ENABLE_OBJC_WEAK = YES;
				CLANG_WARN_BLOCK_CAPTURE_AUTORELEASING = YES;
				CLANG_WARN_BOOL_CONVERSION = YES;
				CLANG_WARN_COMMA = YES;
				CLANG_WARN_CONSTANT_CONVERSION = YES;
				CLANG_WARN_DEPRECATED_OBJC_IMPLEMENTATIONS = YES;
				CLANG_WARN_DIRECT_OBJC_ISA_USAGE = YES_ERROR;
				CLANG_WARN_DOCUMENTATION_COMMENTS = YES;
				CLANG_WARN_EMPTY_BODY = YES;
				CLANG_WARN_ENUM_CONVERSION = YES;
				CLANG_WARN_INFINITE_RECURSION = YES;
				CLANG_WARN_INT_CONVERSION = YES;
				CLANG_WARN_NON_LITERAL_NULL_CONVERSION = YES;
				CLANG_WARN_OBJC_IMPLICIT_RETAIN_SELF = YES;
				CLANG_WARN_OBJC_LITERAL_CONVERSION = YES;
				CLANG_WARN_OBJC_ROOT_CLASS = YES_ERROR;
				CLANG_WARN_RANGE_LOOP_ANALYSIS = YES;
				CLANG_WARN_STRICT_PROTOTYPES = YES;
				CLANG_WARN_SUSPICIOUS_MOVE = YES;
				CLANG_WARN_UNGUARDED_AVAILABILITY = YES_AGGRESSIVE;
				CLANG_WARN_UNREACHABLE_CODE = YES;
				CLANG_WARN__DUPLICATE_METHOD_MATCH = YES;
				CODE_SIGN_IDENTITY = "iPhone Developer";
				COPY_PHASE_STRIP = NO;
				DEBUG_INFORMATION_FORMAT = dwarf;
				ENABLE_STRICT_OBJC_MSGSEND = YES;
				ENABLE_TESTABILITY = YES;
				GCC_C_LANGUAGE_STANDARD = gnu11;
				GCC_DYNAMIC_NO_PIC = NO;
				GCC_NO_COMMON_BLOCKS = YES;
				GCC_OPTIMIZATION_LEVEL = 0;
				GCC_PREPROCESSOR_DEFINITIONS = (
					"DEBUG=1",
					"$(inherited)",
				);
				GCC_WARN_64_TO_32_BIT_CONVERSION = YES;
				GCC_WARN_ABOUT_RETURN_TYPE = YES_ERROR;
				GCC_WARN_UNDECLARED_SELECTOR = YES;
				GCC_WARN_UNINITIALIZED_AUTOS = YES_AGGRESSIVE;
				GCC_WARN_UNUSED_FUNCTION = YES;
				GCC_WARN_UNUSED_VARIABLE = YES;
				IPHONEOS_DEPLOYMENT_TARGET = 12.2;
				MTL_ENABLE_DEBUG_INFO = INCLUDE_SOURCE;
				MTL_FAST_MATH = YES;
				ONLY_ACTIVE_ARCH = YES;
				SDKROOT = iphoneos;
				SWIFT_ACTIVE_COMPILATION_CONDITIONS = DEBUG;
				SWIFT_OPTIMIZATION_LEVEL = "-Onone";
			};
			name = Debug;
		};
		CFB2E3BC227D28CB00958793 /* Release */ = {
			isa = XCBuildConfiguration;
			buildSettings = {
				ALWAYS_SEARCH_USER_PATHS = NO;
				CLANG_ANALYZER_NONNULL = YES;
				CLANG_ANALYZER_NUMBER_OBJECT_CONVERSION = YES_AGGRESSIVE;
				CLANG_CXX_LANGUAGE_STANDARD = "gnu++14";
				CLANG_CXX_LIBRARY = "libc++";
				CLANG_ENABLE_MODULES = YES;
				CLANG_ENABLE_OBJC_ARC = YES;
				CLANG_ENABLE_OBJC_WEAK = YES;
				CLANG_WARN_BLOCK_CAPTURE_AUTORELEASING = YES;
				CLANG_WARN_BOOL_CONVERSION = YES;
				CLANG_WARN_COMMA = YES;
				CLANG_WARN_CONSTANT_CONVERSION = YES;
				CLANG_WARN_DEPRECATED_OBJC_IMPLEMENTATIONS = YES;
				CLANG_WARN_DIRECT_OBJC_ISA_USAGE = YES_ERROR;
				CLANG_WARN_DOCUMENTATION_COMMENTS = YES;
				CLANG_WARN_EMPTY_BODY = YES;
				CLANG_WARN_ENUM_CONVERSION = YES;
				CLANG_WARN_INFINITE_RECURSION = YES;
				CLANG_WARN_INT_CONVERSION = YES;
				CLANG_WARN_NON_LITERAL_NULL_CONVERSION = YES;
				CLANG_WARN_OBJC_IMPLICIT_RETAIN_SELF = YES;
				CLANG_WARN_OBJC_LITERAL_CONVERSION = YES;
				CLANG_WARN_OBJC_ROOT_CLASS = YES_ERROR;
				CLANG_WARN_RANGE_LOOP_ANALYSIS = YES;
				CLANG_WARN_STRICT_PROTOTYPES = YES;
				CLANG_WARN_SUSPICIOUS_MOVE = YES;
				CLANG_WARN_UNGUARDED_AVAILABILITY = YES_AGGRESSIVE;
				CLANG_WARN_UNREACHABLE_CODE = YES;
				CLANG_WARN__DUPLICATE_METHOD_MATCH = YES;
				CODE_SIGN_IDENTITY = "iPhone Developer";
				COPY_PHASE_STRIP = NO;
				DEBUG_INFORMATION_FORMAT = "dwarf-with-dsym";
				ENABLE_NS_ASSERTIONS = NO;
				ENABLE_STRICT_OBJC_MSGSEND = YES;
				GCC_C_LANGUAGE_STANDARD = gnu11;
				GCC_NO_COMMON_BLOCKS = YES;
				GCC_WARN_64_TO_32_BIT_CONVERSION = YES;
				GCC_WARN_ABOUT_RETURN_TYPE = YES_ERROR;
				GCC_WARN_UNDECLARED_SELECTOR = YES;
				GCC_WARN_UNINITIALIZED_AUTOS = YES_AGGRESSIVE;
				GCC_WARN_UNUSED_FUNCTION = YES;
				GCC_WARN_UNUSED_VARIABLE = YES;
				IPHONEOS_DEPLOYMENT_TARGET = 12.2;
				MTL_ENABLE_DEBUG_INFO = NO;
				MTL_FAST_MATH = YES;
				SDKROOT = iphoneos;
				SWIFT_COMPILATION_MODE = wholemodule;
				SWIFT_OPTIMIZATION_LEVEL = "-O";
				VALIDATE_PRODUCT = YES;
			};
			name = Release;
		};
		CFB2E3BE227D28CB00958793 /* Debug */ = {
			isa = XCBuildConfiguration;
			baseConfigurationReference = 1A2E56EB82D1C07A6C9C2C92 /* Pods-NativeKit.debug.xcconfig */;
			buildSettings = {
				ASSETCATALOG_COMPILER_APPICON_NAME = AppIcon;
				CODE_SIGN_STYLE = Automatic;
				DEVELOPMENT_TEAM = PL4U52EEV4;
				INFOPLIST_FILE = NativeKit/Info.plist;
				LD_RUNPATH_SEARCH_PATHS = (
					"$(inherited)",
					"@executable_path/Frameworks",
				);
				PRODUCT_BUNDLE_IDENTIFIER = zhileiz.NativeKit;
				PRODUCT_NAME = "$(TARGET_NAME)";
				SWIFT_VERSION = 5.0;
				TARGETED_DEVICE_FAMILY = "1,2";
			};
			name = Debug;
		};
		CFB2E3BF227D28CB00958793 /* Release */ = {
			isa = XCBuildConfiguration;
			baseConfigurationReference = 140D44C2AC8F00793BF8A3C5 /* Pods-NativeKit.release.xcconfig */;
			buildSettings = {
				ASSETCATALOG_COMPILER_APPICON_NAME = AppIcon;
				CODE_SIGN_STYLE = Automatic;
				DEVELOPMENT_TEAM = PL4U52EEV4;
				INFOPLIST_FILE = NativeKit/Info.plist;
				LD_RUNPATH_SEARCH_PATHS = (
					"$(inherited)",
					"@executable_path/Frameworks",
				);
				PRODUCT_BUNDLE_IDENTIFIER = zhileiz.NativeKit;
				PRODUCT_NAME = "$(TARGET_NAME)";
				SWIFT_VERSION = 5.0;
				TARGETED_DEVICE_FAMILY = "1,2";
			};
			name = Release;
		};
/* End XCBuildConfiguration section */

/* Begin XCConfigurationList section */
		CFB2E3A6227D28CA00958793 /* Build configuration list for PBXProject "NativeKit" */ = {
			isa = XCConfigurationList;
			buildConfigurations = (
				CFB2E3BB227D28CB00958793 /* Debug */,
				CFB2E3BC227D28CB00958793 /* Release */,
			);
			defaultConfigurationIsVisible = 0;
			defaultConfigurationName = Release;
		};
		CFB2E3BD227D28CB00958793 /* Build configuration list for PBXNativeTarget "NativeKit" */ = {
			isa = XCConfigurationList;
			buildConfigurations = (
				CFB2E3BE227D28CB00958793 /* Debug */,
				CFB2E3BF227D28CB00958793 /* Release */,
			);
			defaultConfigurationIsVisible = 0;
			defaultConfigurationName = Release;
		};
/* End XCConfigurationList section */
	};
	rootObject = CFB2E3A3227D28CA00958793 /* Project object */;
}
